
Microsoft Visual Studio Solution File, Format Version 12.00
# Visual Studio 16
Project("{FAE04EC0-301F-11D3-BF4B-00C04F79EFBC}") = "Assembly-CSharp-firstpass", "Assembly-CSharp-firstpass.csproj", "{81DCCC4D-5B8E-8834-81CB-1FA5FBB43F60}"
EndProject
Project("{FAE04EC0-301F-11D3-BF4B-00C04F79EFBC}") = "Assembly-CSharp", "Assembly-CSharp.csproj", "{D662B9B6-DDAF-F196-7CF2-DEA0ED825379}"
EndProject
Global
	GlobalSection(SolutionConfigurationPlatforms) = preSolution
		Debug|Any CPU = Debug|Any CPU
		Release|Any CPU = Release|Any CPU
	EndGlobalSection
	GlobalSection(ProjectConfigurationPlatforms) = postSolution
		{81DCCC4D-5B8E-8834-81CB-1FA5FBB43F60}.Debug|Any CPU.ActiveCfg = Debug|Any CPU
		{81DCCC4D-5B8E-8834-81CB-1FA5FBB43F60}.Debug|Any CPU.Build.0 = Debug|Any CPU
		{81DCCC4D-5B8E-8834-81CB-1FA5FBB43F60}.Release|Any CPU.ActiveCfg = Release|Any CPU
		{81DCCC4D-5B8E-8834-81CB-1FA5FBB43F60}.Release|Any CPU.Build.0 = Release|Any CPU
		{D662B9B6-DDAF-F196-7CF2-DEA0ED825379}.Debug|Any CPU.ActiveCfg = Debug|Any CPU
		{D662B9B6-DDAF-F196-7CF2-DEA0ED825379}.Debug|Any CPU.Build.0 = Debug|Any CPU
		{D662B9B6-DDAF-F196-7CF2-DEA0ED825379}.Release|Any CPU.ActiveCfg = Release|Any CPU
		{D662B9B6-DDAF-F196-7CF2-DEA0ED825379}.Release|Any CPU.Build.0 = Release|Any CPU
	EndGlobalSection
	GlobalSection(SolutionProperties) = preSolution
		HideSolutionNode = FALSE
	EndGlobalSection
EndGlobal
